
Microsoft Visual Studio Solution File, Format Version 12.00
# Visual Studio 15
Project("{FAE04EC0-301F-11D3-BF4B-00C04F79EFBC}") = "Assembly-CSharp", "Assembly-CSharp.csproj", "{F16E028A-66B0-380A-450C-F0F776A488A7}"
EndProject
Project("{FAE04EC0-301F-11D3-BF4B-00C04F79EFBC}") = "Assembly-CSharp-firstpass", "Assembly-CSharp-firstpass.csproj", "{ACC3FB6B-0C80-5341-1CF9-45E559A76E1B}"
EndProject
Project("{FAE04EC0-301F-11D3-BF4B-00C04F79EFBC}") = "Assembly-CSharp-Editor", "Assembly-CSharp-Editor.csproj", "{D537ADB6-69A3-5B31-34EB-885D348E6697}"
EndProject
Global
	GlobalSection(SolutionConfigurationPlatforms) = preSolution
		Debug|Any CPU = Debug|Any CPU
		Release|Any CPU = Release|Any CPU
	EndGlobalSection
	GlobalSection(ProjectConfigurationPlatforms) = postSolution
		{F16E028A-66B0-380A-450C-F0F776A488A7}.Debug|Any CPU.ActiveCfg = Debug|Any CPU
		{F16E028A-66B0-380A-450C-F0F776A488A7}.Debug|Any CPU.Build.0 = Debug|Any CPU
		{F16E028A-66B0-380A-450C-F0F776A488A7}.Release|Any CPU.ActiveCfg = Release|Any CPU
		{F16E028A-66B0-380A-450C-F0F776A488A7}.Release|Any CPU.Build.0 = Release|Any CPU
		{ACC3FB6B-0C80-5341-1CF9-45E559A76E1B}.Debug|Any CPU.ActiveCfg = Debug|Any CPU
		{ACC3FB6B-0C80-5341-1CF9-45E559A76E1B}.Debug|Any CPU.Build.0 = Debug|Any CPU
		{ACC3FB6B-0C80-5341-1CF9-45E559A76E1B}.Release|Any CPU.ActiveCfg = Release|Any CPU
		{ACC3FB6B-0C80-5341-1CF9-45E559A76E1B}.Release|Any CPU.Build.0 = Release|Any CPU
		{D537ADB6-69A3-5B31-34EB-885D348E6697}.Debug|Any CPU.ActiveCfg = Debug|Any CPU
		{D537ADB6-69A3-5B31-34EB-885D348E6697}.Debug|Any CPU.Build.0 = Debug|Any CPU
		{D537ADB6-69A3-5B31-34EB-885D348E6697}.Release|Any CPU.ActiveCfg = Release|Any CPU
		{D537ADB6-69A3-5B31-34EB-885D348E6697}.Release|Any CPU.Build.0 = Release|Any CPU
	EndGlobalSection
	GlobalSection(SolutionProperties) = preSolution
		HideSolutionNode = FALSE
	EndGlobalSection
EndGlobal
